
Microsoft Visual Studio Solution File, Format Version 12.00
# Visual Studio 15
VisualStudioVersion = 15.0.28307.705
MinimumVisualStudioVersion = 10.0.40219.1
Project("{FAE04EC0-301F-11D3-BF4B-00C04F79EFBC}") = "Final1.1", "Final1.1\Final1.1.csproj", "{726F84AE-3DD7-4951-AE00-59C6DBDA1552}"
EndProject
Global
	GlobalSection(SolutionConfigurationPlatforms) = preSolution
		Debug|Any CPU = Debug|Any CPU
		Release|Any CPU = Release|Any CPU
	EndGlobalSection
	GlobalSection(ProjectConfigurationPlatforms) = postSolution
		{726F84AE-3DD7-4951-AE00-59C6DBDA1552}.Debug|Any CPU.ActiveCfg = Debug|Any CPU
		{726F84AE-3DD7-4951-AE00-59C6DBDA1552}.Debug|Any CPU.Build.0 = Debug|Any CPU
		{726F84AE-3DD7-4951-AE00-59C6DBDA1552}.Release|Any CPU.ActiveCfg = Release|Any CPU
		{726F84AE-3DD7-4951-AE00-59C6DBDA1552}.Release|Any CPU.Build.0 = Release|Any CPU
	EndGlobalSection
	GlobalSection(SolutionProperties) = preSolution
		HideSolutionNode = FALSE
	EndGlobalSection
	GlobalSection(ExtensibilityGlobals) = postSolution
		SolutionGuid = {D8968F36-0D26-4674-B32C-B228E2DFA114}
	EndGlobalSection
EndGlobal
